
Microsoft Visual Studio Solution File, Format Version 12.00
# Visual Studio 14
VisualStudioVersion = 14.0.25420.1
MinimumVisualStudioVersion = 10.0.40219.1
Project("{FAE04EC0-301F-11D3-BF4B-00C04F79EFBC}") = "ModuSender", "ModuSender\ModuSender.csproj", "{50CCFA40-403F-4C83-8835-C54759A82313}"
EndProject
Project("{FAE04EC0-301F-11D3-BF4B-00C04F79EFBC}") = "ModuReceiver", "ModuReceiver\ModuReceiver.csproj", "{93D64E10-348F-4773-9874-522796A20328}"
EndProject
Project("{FAE04EC0-301F-11D3-BF4B-00C04F79EFBC}") = "Modu", "Modu\Modu.csproj", "{DD5D8F93-5F2D-4397-8ECC-C42F81A954D4}"
EndProject
Global
	GlobalSection(SolutionConfigurationPlatforms) = preSolution
		Debug|Any CPU = Debug|Any CPU
		Release|Any CPU = Release|Any CPU
	EndGlobalSection
	GlobalSection(ProjectConfigurationPlatforms) = postSolution
		{50CCFA40-403F-4C83-8835-C54759A82313}.Debug|Any CPU.ActiveCfg = Debug|Any CPU
		{50CCFA40-403F-4C83-8835-C54759A82313}.Debug|Any CPU.Build.0 = Debug|Any CPU
		{50CCFA40-403F-4C83-8835-C54759A82313}.Release|Any CPU.ActiveCfg = Release|Any CPU
		{50CCFA40-403F-4C83-8835-C54759A82313}.Release|Any CPU.Build.0 = Release|Any CPU
		{93D64E10-348F-4773-9874-522796A20328}.Debug|Any CPU.ActiveCfg = Debug|Any CPU
		{93D64E10-348F-4773-9874-522796A20328}.Debug|Any CPU.Build.0 = Debug|Any CPU
		{93D64E10-348F-4773-9874-522796A20328}.Release|Any CPU.ActiveCfg = Release|Any CPU
		{93D64E10-348F-4773-9874-522796A20328}.Release|Any CPU.Build.0 = Release|Any CPU
		{DD5D8F93-5F2D-4397-8ECC-C42F81A954D4}.Debug|Any CPU.ActiveCfg = Debug|Any CPU
		{DD5D8F93-5F2D-4397-8ECC-C42F81A954D4}.Debug|Any CPU.Build.0 = Debug|Any CPU
		{DD5D8F93-5F2D-4397-8ECC-C42F81A954D4}.Release|Any CPU.ActiveCfg = Release|Any CPU
		{DD5D8F93-5F2D-4397-8ECC-C42F81A954D4}.Release|Any CPU.Build.0 = Release|Any CPU
	EndGlobalSection
	GlobalSection(SolutionProperties) = preSolution
		HideSolutionNode = FALSE
	EndGlobalSection
EndGlobal
